
Microsoft Visual Studio Solution File, Format Version 11.00
# Visual Studio 2010
Project("{8BC9CEB8-8B4A-11D0-8D11-00A0C91BC942}") = "mywow", "..\Main\mywow\mywow.vcxproj", "{AAFFDC95-3AE7-4753-9130-F9EC084B2559}"
EndProject
Project("{8BC9CEB8-8B4A-11D0-8D11-00A0C91BC942}") = "App1", "..\Main\App1\App1.vcxproj", "{789D0291-2A36-4989-9048-FC2AC469B04D}"
	ProjectSection(ProjectDependencies) = postProject
		{DA74ED4F-088B-49BE-840D-9DE555CFD376} = {DA74ED4F-088B-49BE-840D-9DE555CFD376}
		{3B24C578-87EC-45BF-9FB8-0FA32D572CD5} = {3B24C578-87EC-45BF-9FB8-0FA32D572CD5}
		{AAFFDC95-3AE7-4753-9130-F9EC084B2559} = {AAFFDC95-3AE7-4753-9130-F9EC084B2559}
	EndProjectSection
EndProject
Project("{8BC9CEB8-8B4A-11D0-8D11-00A0C91BC942}") = "App2", "..\Main\App2\App2.vcxproj", "{8F4A68AD-07CA-41D6-84DB-B74A18BE7436}"
	ProjectSection(ProjectDependencies) = postProject
		{AAFFDC95-3AE7-4753-9130-F9EC084B2559} = {AAFFDC95-3AE7-4753-9130-F9EC084B2559}
	EndProjectSection
EndProject
Project("{8BC9CEB8-8B4A-11D0-8D11-00A0C91BC942}") = "App3", "..\Main\App3\App3.vcxproj", "{6C2538E3-81C9-4137-9B86-13F2F4FD7061}"
	ProjectSection(ProjectDependencies) = postProject
		{3B24C578-87EC-45BF-9FB8-0FA32D572CD5} = {3B24C578-87EC-45BF-9FB8-0FA32D572CD5}
		{AAFFDC95-3AE7-4753-9130-F9EC084B2559} = {AAFFDC95-3AE7-4753-9130-F9EC084B2559}
	EndProjectSection
EndProject
Project("{8BC9CEB8-8B4A-11D0-8D11-00A0C91BC942}") = "App4", "..\Main\App4\App4.vcxproj", "{E1F3D62E-31A2-4B58-9216-0CF74498995A}"
	ProjectSection(ProjectDependencies) = postProject
		{DA74ED4F-088B-49BE-840D-9DE555CFD376} = {DA74ED4F-088B-49BE-840D-9DE555CFD376}
		{3B24C578-87EC-45BF-9FB8-0FA32D572CD5} = {3B24C578-87EC-45BF-9FB8-0FA32D572CD5}
		{AAFFDC95-3AE7-4753-9130-F9EC084B2559} = {AAFFDC95-3AE7-4753-9130-F9EC084B2559}
	EndProjectSection
EndProject
Project("{8BC9CEB8-8B4A-11D0-8D11-00A0C91BC942}") = "mywowclient", "..\Main\mywowclient\mywowclient.vcxproj", "{3B24C578-87EC-45BF-9FB8-0FA32D572CD5}"
	ProjectSection(ProjectDependencies) = postProject
		{AAFFDC95-3AE7-4753-9130-F9EC084B2559} = {AAFFDC95-3AE7-4753-9130-F9EC084B2559}
	EndProjectSection
EndProject
Project("{8BC9CEB8-8B4A-11D0-8D11-00A0C91BC942}") = "mywowtool", "..\Main\mywowtool\mywowtool.vcxproj", "{DA74ED4F-088B-49BE-840D-9DE555CFD376}"
	ProjectSection(ProjectDependencies) = postProject
		{AAFFDC95-3AE7-4753-9130-F9EC084B2559} = {AAFFDC95-3AE7-4753-9130-F9EC084B2559}
	EndProjectSection
EndProject
Global
	GlobalSection(SolutionConfigurationPlatforms) = preSolution
		Debug|Win32 = Debug|Win32
		Debug|x64 = Debug|x64
		Release|Win32 = Release|Win32
		Release|x64 = Release|x64
	EndGlobalSection
	GlobalSection(ProjectConfigurationPlatforms) = postSolution
		{AAFFDC95-3AE7-4753-9130-F9EC084B2559}.Debug|Win32.ActiveCfg = Debug|Win32
		{AAFFDC95-3AE7-4753-9130-F9EC084B2559}.Debug|Win32.Build.0 = Debug|Win32
		{AAFFDC95-3AE7-4753-9130-F9EC084B2559}.Debug|x64.ActiveCfg = Debug|x64
		{AAFFDC95-3AE7-4753-9130-F9EC084B2559}.Debug|x64.Build.0 = Debug|x64
		{AAFFDC95-3AE7-4753-9130-F9EC084B2559}.Release|Win32.ActiveCfg = Release|Win32
		{AAFFDC95-3AE7-4753-9130-F9EC084B2559}.Release|Win32.Build.0 = Release|Win32
		{AAFFDC95-3AE7-4753-9130-F9EC084B2559}.Release|x64.ActiveCfg = Release|x64
		{AAFFDC95-3AE7-4753-9130-F9EC084B2559}.Release|x64.Build.0 = Release|x64
		{789D0291-2A36-4989-9048-FC2AC469B04D}.Debug|Win32.ActiveCfg = Debug|Win32
		{789D0291-2A36-4989-9048-FC2AC469B04D}.Debug|Win32.Build.0 = Debug|Win32
		{789D0291-2A36-4989-9048-FC2AC469B04D}.Debug|x64.ActiveCfg = Debug|x64
		{789D0291-2A36-4989-9048-FC2AC469B04D}.Debug|x64.Build.0 = Debug|x64
		{789D0291-2A36-4989-9048-FC2AC469B04D}.Release|Win32.ActiveCfg = Release|Win32
		{789D0291-2A36-4989-9048-FC2AC469B04D}.Release|Win32.Build.0 = Release|Win32
		{789D0291-2A36-4989-9048-FC2AC469B04D}.Release|x64.ActiveCfg = Release|x64
		{789D0291-2A36-4989-9048-FC2AC469B04D}.Release|x64.Build.0 = Release|x64
		{8F4A68AD-07CA-41D6-84DB-B74A18BE7436}.Debug|Win32.ActiveCfg = Debug|Win32
		{8F4A68AD-07CA-41D6-84DB-B74A18BE7436}.Debug|Win32.Build.0 = Debug|Win32
		{8F4A68AD-07CA-41D6-84DB-B74A18BE7436}.Debug|x64.ActiveCfg = Debug|x64
		{8F4A68AD-07CA-41D6-84DB-B74A18BE7436}.Debug|x64.Build.0 = Debug|x64
		{8F4A68AD-07CA-41D6-84DB-B74A18BE7436}.Release|Win32.ActiveCfg = Release|Win32
		{8F4A68AD-07CA-41D6-84DB-B74A18BE7436}.Release|Win32.Build.0 = Release|Win32
		{8F4A68AD-07CA-41D6-84DB-B74A18BE7436}.Release|x64.ActiveCfg = Release|x64
		{8F4A68AD-07CA-41D6-84DB-B74A18BE7436}.Release|x64.Build.0 = Release|x64
		{6C2538E3-81C9-4137-9B86-13F2F4FD7061}.Debug|Win32.ActiveCfg = Debug|Win32
		{6C2538E3-81C9-4137-9B86-13F2F4FD7061}.Debug|Win32.Build.0 = Debug|Win32
		{6C2538E3-81C9-4137-9B86-13F2F4FD7061}.Debug|x64.ActiveCfg = Debug|x64
		{6C2538E3-81C9-4137-9B86-13F2F4FD7061}.Debug|x64.Build.0 = Debug|x64
		{6C2538E3-81C9-4137-9B86-13F2F4FD7061}.Release|Win32.ActiveCfg = Release|Win32
		{6C2538E3-81C9-4137-9B86-13F2F4FD7061}.Release|Win32.Build.0 = Release|Win32
		{6C2538E3-81C9-4137-9B86-13F2F4FD7061}.Release|x64.ActiveCfg = Release|x64
		{6C2538E3-81C9-4137-9B86-13F2F4FD7061}.Release|x64.Build.0 = Release|x64
		{E1F3D62E-31A2-4B58-9216-0CF74498995A}.Debug|Win32.ActiveCfg = Debug|Win32
		{E1F3D62E-31A2-4B58-9216-0CF74498995A}.Debug|Win32.Build.0 = Debug|Win32
		{E1F3D62E-31A2-4B58-9216-0CF74498995A}.Debug|x64.ActiveCfg = Debug|x64
		{E1F3D62E-31A2-4B58-9216-0CF74498995A}.Debug|x64.Build.0 = Debug|x64
		{E1F3D62E-31A2-4B58-9216-0CF74498995A}.Release|Win32.ActiveCfg = Release|Win32
		{E1F3D62E-31A2-4B58-9216-0CF74498995A}.Release|Win32.Build.0 = Release|Win32
		{E1F3D62E-31A2-4B58-9216-0CF74498995A}.Release|x64.ActiveCfg = Release|x64
		{E1F3D62E-31A2-4B58-9216-0CF74498995A}.Release|x64.Build.0 = Release|x64
		{3B24C578-87EC-45BF-9FB8-0FA32D572CD5}.Debug|Win32.ActiveCfg = Debug|Win32
		{3B24C578-87EC-45BF-9FB8-0FA32D572CD5}.Debug|Win32.Build.0 = Debug|Win32
		{3B24C578-87EC-45BF-9FB8-0FA32D572CD5}.Debug|x64.ActiveCfg = Debug|x64
		{3B24C578-87EC-45BF-9FB8-0FA32D572CD5}.Debug|x64.Build.0 = Debug|x64
		{3B24C578-87EC-45BF-9FB8-0FA32D572CD5}.Release|Win32.ActiveCfg = Release|Win32
		{3B24C578-87EC-45BF-9FB8-0FA32D572CD5}.Release|Win32.Build.0 = Release|Win32
		{3B24C578-87EC-45BF-9FB8-0FA32D572CD5}.Release|x64.ActiveCfg = Release|x64
		{3B24C578-87EC-45BF-9FB8-0FA32D572CD5}.Release|x64.Build.0 = Release|x64
		{DA74ED4F-088B-49BE-840D-9DE555CFD376}.Debug|Win32.ActiveCfg = Debug|Win32
		{DA74ED4F-088B-49BE-840D-9DE555CFD376}.Debug|Win32.Build.0 = Debug|Win32
		{DA74ED4F-088B-49BE-840D-9DE555CFD376}.Debug|x64.ActiveCfg = Debug|x64
		{DA74ED4F-088B-49BE-840D-9DE555CFD376}.Debug|x64.Build.0 = Debug|x64
		{DA74ED4F-088B-49BE-840D-9DE555CFD376}.Release|Win32.ActiveCfg = Release|Win32
		{DA74ED4F-088B-49BE-840D-9DE555CFD376}.Release|Win32.Build.0 = Release|Win32
		{DA74ED4F-088B-49BE-840D-9DE555CFD376}.Release|x64.ActiveCfg = Release|x64
		{DA74ED4F-088B-49BE-840D-9DE555CFD376}.Release|x64.Build.0 = Release|x64
	EndGlobalSection
	GlobalSection(SolutionProperties) = preSolution
		HideSolutionNode = FALSE
	EndGlobalSection
EndGlobal
