
Microsoft Visual Studio Solution File, Format Version 11.00
# Visual Studio 2010
Project("{8BC9CEB8-8B4A-11D0-8D11-00A0C91BC942}") = "App1", "App1\App1.vcxproj", "{789D0291-2A36-4989-9048-FC2AC469B04D}"
	ProjectSection(ProjectDependencies) = postProject
		{AAFFDC95-3AE7-4753-9130-F9EC084B2559} = {AAFFDC95-3AE7-4753-9130-F9EC084B2559}
	EndProjectSection
EndProject
Project("{8BC9CEB8-8B4A-11D0-8D11-00A0C91BC942}") = "mywow", "mywow\mywow.vcxproj", "{AAFFDC95-3AE7-4753-9130-F9EC084B2559}"
	ProjectSection(ProjectDependencies) = postProject
		{6E7BAD55-203C-4746-8BEE-2DDD2D7CB176} = {6E7BAD55-203C-4746-8BEE-2DDD2D7CB176}
		{6ADCFCC7-6120-41D9-ABCE-50363D8A2A6B} = {6ADCFCC7-6120-41D9-ABCE-50363D8A2A6B}
	EndProjectSection
EndProject
Project("{8BC9CEB8-8B4A-11D0-8D11-00A0C91BC942}") = "freetype", "freetype\freetype.vcxproj", "{6E7BAD55-203C-4746-8BEE-2DDD2D7CB176}"
EndProject
Project("{2150E333-8FDC-42A3-9474-1A3956D46DE8}") = "Dependecies", "Dependecies", "{0426EB08-E340-49D7-B880-102FEAC9B2FD}"
EndProject
Project("{8BC9CEB8-8B4A-11D0-8D11-00A0C91BC942}") = "stormlib", "stormlib\stormlib.vcxproj", "{6ADCFCC7-6120-41D9-ABCE-50363D8A2A6B}"
EndProject
Global
	GlobalSection(SolutionConfigurationPlatforms) = preSolution
		Debug|Win32 = Debug|Win32
		Release_SSE|Win32 = Release_SSE|Win32
		Release_SSE2|Win32 = Release_SSE2|Win32
		Release|Win32 = Release|Win32
	EndGlobalSection
	GlobalSection(ProjectConfigurationPlatforms) = postSolution
		{789D0291-2A36-4989-9048-FC2AC469B04D}.Debug|Win32.ActiveCfg = Debug|Win32
		{789D0291-2A36-4989-9048-FC2AC469B04D}.Debug|Win32.Build.0 = Debug|Win32
		{789D0291-2A36-4989-9048-FC2AC469B04D}.Release_SSE|Win32.ActiveCfg = Release|Win32
		{789D0291-2A36-4989-9048-FC2AC469B04D}.Release_SSE|Win32.Build.0 = Release|Win32
		{789D0291-2A36-4989-9048-FC2AC469B04D}.Release_SSE2|Win32.ActiveCfg = Release|Win32
		{789D0291-2A36-4989-9048-FC2AC469B04D}.Release_SSE2|Win32.Build.0 = Release|Win32
		{789D0291-2A36-4989-9048-FC2AC469B04D}.Release|Win32.ActiveCfg = Release|Win32
		{789D0291-2A36-4989-9048-FC2AC469B04D}.Release|Win32.Build.0 = Release|Win32
		{AAFFDC95-3AE7-4753-9130-F9EC084B2559}.Debug|Win32.ActiveCfg = Debug|Win32
		{AAFFDC95-3AE7-4753-9130-F9EC084B2559}.Debug|Win32.Build.0 = Debug|Win32
		{AAFFDC95-3AE7-4753-9130-F9EC084B2559}.Release_SSE|Win32.ActiveCfg = Release|Win32
		{AAFFDC95-3AE7-4753-9130-F9EC084B2559}.Release_SSE|Win32.Build.0 = Release|Win32
		{AAFFDC95-3AE7-4753-9130-F9EC084B2559}.Release_SSE2|Win32.ActiveCfg = Release|Win32
		{AAFFDC95-3AE7-4753-9130-F9EC084B2559}.Release_SSE2|Win32.Build.0 = Release|Win32
		{AAFFDC95-3AE7-4753-9130-F9EC084B2559}.Release|Win32.ActiveCfg = Release|Win32
		{AAFFDC95-3AE7-4753-9130-F9EC084B2559}.Release|Win32.Build.0 = Release|Win32
		{6E7BAD55-203C-4746-8BEE-2DDD2D7CB176}.Debug|Win32.ActiveCfg = Debug|Win32
		{6E7BAD55-203C-4746-8BEE-2DDD2D7CB176}.Debug|Win32.Build.0 = Debug|Win32
		{6E7BAD55-203C-4746-8BEE-2DDD2D7CB176}.Release_SSE|Win32.ActiveCfg = Release|Win32
		{6E7BAD55-203C-4746-8BEE-2DDD2D7CB176}.Release_SSE|Win32.Build.0 = Release|Win32
		{6E7BAD55-203C-4746-8BEE-2DDD2D7CB176}.Release_SSE2|Win32.ActiveCfg = Release|Win32
		{6E7BAD55-203C-4746-8BEE-2DDD2D7CB176}.Release_SSE2|Win32.Build.0 = Release|Win32
		{6E7BAD55-203C-4746-8BEE-2DDD2D7CB176}.Release|Win32.ActiveCfg = Release|Win32
		{6E7BAD55-203C-4746-8BEE-2DDD2D7CB176}.Release|Win32.Build.0 = Release|Win32
		{6ADCFCC7-6120-41D9-ABCE-50363D8A2A6B}.Debug|Win32.ActiveCfg = Debug|Win32
		{6ADCFCC7-6120-41D9-ABCE-50363D8A2A6B}.Debug|Win32.Build.0 = Debug|Win32
		{6ADCFCC7-6120-41D9-ABCE-50363D8A2A6B}.Release_SSE|Win32.ActiveCfg = Release|Win32
		{6ADCFCC7-6120-41D9-ABCE-50363D8A2A6B}.Release_SSE|Win32.Build.0 = Release|Win32
		{6ADCFCC7-6120-41D9-ABCE-50363D8A2A6B}.Release_SSE2|Win32.ActiveCfg = Release|Win32
		{6ADCFCC7-6120-41D9-ABCE-50363D8A2A6B}.Release_SSE2|Win32.Build.0 = Release|Win32
		{6ADCFCC7-6120-41D9-ABCE-50363D8A2A6B}.Release|Win32.ActiveCfg = Release|Win32
		{6ADCFCC7-6120-41D9-ABCE-50363D8A2A6B}.Release|Win32.Build.0 = Release|Win32
	EndGlobalSection
	GlobalSection(SolutionProperties) = preSolution
		HideSolutionNode = FALSE
	EndGlobalSection
	GlobalSection(NestedProjects) = preSolution
		{6E7BAD55-203C-4746-8BEE-2DDD2D7CB176} = {0426EB08-E340-49D7-B880-102FEAC9B2FD}
		{6ADCFCC7-6120-41D9-ABCE-50363D8A2A6B} = {0426EB08-E340-49D7-B880-102FEAC9B2FD}
	EndGlobalSection
EndGlobal
