<?xml version="1.0" encoding="utf-8"?>
<Project ToolsVersion="4.0" xmlns="http://schemas.microsoft.com/developer/msbuild/2003">
  <ItemGroup>
    <Filter Include="interface">
      <UniqueIdentifier>{93995380-89BD-4b04-88EB-625FBE52EBFB}</UniqueIdentifier>
      <Extensions>h;hpp;hxx;hm;inl;inc;xsd</Extensions>
    </Filter>
    <Filter Include="implementation">
      <UniqueIdentifier>{4FC737F1-C7A5-4376-A066-2A32D752A2FF}</UniqueIdentifier>
      <Extensions>cpp;c;cc;cxx;def;odl;idl;hpj;bat;asm;asmx</Extensions>
    </Filter>
    <Filter Include="interface\core">
      <UniqueIdentifier>{23b4ddb9-256a-4534-9693-76ac9c55e5ad}</UniqueIdentifier>
    </Filter>
    <Filter Include="interface\io">
      <UniqueIdentifier>{806c5173-40f1-4c22-ad3d-402f4d1321d7}</UniqueIdentifier>
    </Filter>
    <Filter Include="interface\scene">
      <UniqueIdentifier>{52d590b8-9e13-4eca-9f6e-478755b6ce9d}</UniqueIdentifier>
    </Filter>
    <Filter Include="interface\video">
      <UniqueIdentifier>{86806d03-6bea-4dc0-99c9-3644e1548682}</UniqueIdentifier>
    </Filter>
    <Filter Include="implementation\io">
      <UniqueIdentifier>{c72dad5a-55a4-49eb-998e-658c29ccb904}</UniqueIdentifier>
    </Filter>
    <Filter Include="implementation\scene">
      <UniqueIdentifier>{0614b73f-b838-49d2-a792-5db73f0a5c7d}</UniqueIdentifier>
    </Filter>
    <Filter Include="implementation\video">
      <UniqueIdentifier>{f5379941-21df-40c5-805b-4898ad786933}</UniqueIdentifier>
    </Filter>
    <Filter Include="wow">
      <UniqueIdentifier>{3977902f-8ba7-4088-bd7f-d755c3c30748}</UniqueIdentifier>
    </Filter>
    <Filter Include="implementation\video\Direct3D9">
      <UniqueIdentifier>{33682c1e-f25f-4ed1-ac36-fde1e6547ab5}</UniqueIdentifier>
    </Filter>
    <Filter Include="implementation\utility">
      <UniqueIdentifier>{be79f581-1d4c-4e8a-a41e-03fe9bc6fda1}</UniqueIdentifier>
    </Filter>
    <Filter Include="implementation\scene\sceneNode">
      <UniqueIdentifier>{8a2db30b-6d73-48e5-8859-c74f20bf09a0}</UniqueIdentifier>
    </Filter>
    <Filter Include="interface\scene\sceneNode">
      <UniqueIdentifier>{e8952ddf-ca12-480d-8048-becba0ec3666}</UniqueIdentifier>
    </Filter>
    <Filter Include="interface\renderer">
      <UniqueIdentifier>{42ba0cea-9b20-4517-8f0d-bed10a7ae937}</UniqueIdentifier>
    </Filter>
    <Filter Include="implementation\renderer">
      <UniqueIdentifier>{4d097839-3c6a-4769-b149-c8ae0498f762}</UniqueIdentifier>
    </Filter>
    <Filter Include="implementation\video\Direct3D9\Shaders">
      <UniqueIdentifier>{e2879ed2-8202-4aef-add9-8a64413e0fe5}</UniqueIdentifier>
    </Filter>
  </ItemGroup>
  <ItemGroup>
    <ClInclude Include="stdafx.h">
      <Filter>interface</Filter>
    </ClInclude>
    <ClInclude Include="targetver.h">
      <Filter>interface</Filter>
    </ClInclude>
    <ClInclude Include="engine.h">
      <Filter>interface</Filter>
    </ClInclude>
    <ClInclude Include="base.h">
      <Filter>interface</Filter>
    </ClInclude>
    <ClInclude Include="core.h">
      <Filter>interface\core</Filter>
    </ClInclude>
    <ClInclude Include="q_memory.h">
      <Filter>interface</Filter>
    </ClInclude>
    <ClInclude Include="dimension2d.h">
      <Filter>interface\core</Filter>
    </ClInclude>
    <ClInclude Include="vector2d.h">
      <Filter>interface\core</Filter>
    </ClInclude>
    <ClInclude Include="vector3d.h">
      <Filter>interface\core</Filter>
    </ClInclude>
    <ClInclude Include="rect.h">
      <Filter>interface\core</Filter>
    </ClInclude>
    <ClInclude Include="triangle3d.h">
      <Filter>interface\core</Filter>
    </ClInclude>
    <ClInclude Include="line2d.h">
      <Filter>interface\core</Filter>
    </ClInclude>
    <ClInclude Include="line3d.h">
      <Filter>interface\core</Filter>
    </ClInclude>
    <ClInclude Include="plane3d.h">
      <Filter>interface\core</Filter>
    </ClInclude>
    <ClInclude Include="aabbox3d.h">
      <Filter>interface\core</Filter>
    </ClInclude>
    <ClInclude Include="matrix4.h">
      <Filter>interface\core</Filter>
    </ClInclude>
    <ClInclude Include="frustum.h">
      <Filter>interface\core</Filter>
    </ClInclude>
    <ClInclude Include="quaternion.h">
      <Filter>interface\core</Filter>
    </ClInclude>
    <ClInclude Include="coreutil.h">
      <Filter>interface\core</Filter>
    </ClInclude>
    <ClInclude Include="algorithm.h">
      <Filter>interface\core</Filter>
    </ClInclude>
    <ClInclude Include="animation.h">
      <Filter>interface\core</Filter>
    </ClInclude>
    <ClInclude Include="str.h">
      <Filter>interface\core</Filter>
    </ClInclude>
    <ClInclude Include="IFileSystem.h">
      <Filter>interface\io</Filter>
    </ClInclude>
    <ClInclude Include="IReadFile.h">
      <Filter>interface\io</Filter>
    </ClInclude>
    <ClInclude Include="IWriteFile.h">
      <Filter>interface\io</Filter>
    </ClInclude>
    <ClInclude Include="io.h">
      <Filter>interface\io</Filter>
    </ClInclude>
    <ClInclude Include="IResourceCache.h">
      <Filter>interface\io</Filter>
    </ClInclude>
    <ClInclude Include="IResourcePool.h">
      <Filter>interface\io</Filter>
    </ClInclude>
    <ClInclude Include="mywow.h">
      <Filter>interface</Filter>
    </ClInclude>
    <ClInclude Include="CFileSystem.h">
      <Filter>implementation\io</Filter>
    </ClInclude>
    <ClInclude Include="CReadFile.h">
      <Filter>implementation\io</Filter>
    </ClInclude>
    <ClInclude Include="CWriteFile.h">
      <Filter>implementation\io</Filter>
    </ClInclude>
    <ClInclude Include="wowEnvironment.h">
      <Filter>wow</Filter>
    </ClInclude>
    <ClInclude Include="wow.h">
      <Filter>wow</Filter>
    </ClInclude>
    <ClInclude Include="IMaterialRenderer.h">
      <Filter>interface\video</Filter>
    </ClInclude>
    <ClInclude Include="IVideoDriver.h">
      <Filter>interface\video</Filter>
    </ClInclude>
    <ClInclude Include="SMaterial.h">
      <Filter>interface\video</Filter>
    </ClInclude>
    <ClInclude Include="video.h">
      <Filter>interface\video</Filter>
    </ClInclude>
    <ClInclude Include="SColor.h">
      <Filter>interface\video</Filter>
    </ClInclude>
    <ClInclude Include="ITexture.h">
      <Filter>interface\video</Filter>
    </ClInclude>
    <ClInclude Include="S3DVertex.h">
      <Filter>interface\video</Filter>
    </ClInclude>
    <ClInclude Include="SLight.h">
      <Filter>interface\video</Filter>
    </ClInclude>
    <ClInclude Include="wow_enums.h">
      <Filter>wow</Filter>
    </ClInclude>
    <ClInclude Include="IDrawServices.h">
      <Filter>interface\video</Filter>
    </ClInclude>
    <ClInclude Include="IHardwareBufferServices.h">
      <Filter>interface\video</Filter>
    </ClInclude>
    <ClInclude Include="IImage.h">
      <Filter>interface\video</Filter>
    </ClInclude>
    <ClInclude Include="IShader.h">
      <Filter>interface\video</Filter>
    </ClInclude>
    <ClInclude Include="IShaderServices.h">
      <Filter>interface\video</Filter>
    </ClInclude>
    <ClInclude Include="CD3D9Driver.h">
      <Filter>implementation\video\Direct3D9</Filter>
    </ClInclude>
    <ClInclude Include="CFPSCounter.h">
      <Filter>implementation\video</Filter>
    </ClInclude>
    <ClInclude Include="CD3D9Helper.h">
      <Filter>implementation\video\Direct3D9</Filter>
    </ClInclude>
    <ClInclude Include="CD3D9HardwareBufferServices.h">
      <Filter>implementation\video\Direct3D9</Filter>
    </ClInclude>
    <ClInclude Include="CD3D9Shader.h">
      <Filter>implementation\video\Direct3D9</Filter>
    </ClInclude>
    <ClInclude Include="CD3D9MaterialRenderer.h">
      <Filter>implementation\video\Direct3D9</Filter>
    </ClInclude>
    <ClInclude Include="CD3D9ShaderServices.h">
      <Filter>implementation\video\Direct3D9</Filter>
    </ClInclude>
    <ClInclude Include="CD3D9Texture.h">
      <Filter>implementation\video\Direct3D9</Filter>
    </ClInclude>
    <ClInclude Include="CImageLoaderBLP.h">
      <Filter>wow</Filter>
    </ClInclude>
    <ClInclude Include="CImage.h">
      <Filter>implementation\video</Filter>
    </ClInclude>
    <ClInclude Include="CBlit.h">
      <Filter>implementation\video</Filter>
    </ClInclude>
    <ClInclude Include="ddslib.h">
      <Filter>implementation\utility</Filter>
    </ClInclude>
    <ClInclude Include="scene.h">
      <Filter>interface\scene</Filter>
    </ClInclude>
    <ClInclude Include="ICamera.h">
      <Filter>interface\scene</Filter>
    </ClInclude>
    <ClInclude Include="ISceneNode.h">
      <Filter>interface\scene</Filter>
    </ClInclude>
    <ClInclude Include="ISceneManager.h">
      <Filter>interface\scene</Filter>
    </ClInclude>
    <ClInclude Include="CSceneManager.h">
      <Filter>implementation\scene</Filter>
    </ClInclude>
    <ClInclude Include="CD3D9DrawServices.h">
      <Filter>implementation\video\Direct3D9</Filter>
    </ClInclude>
    <ClInclude Include="IGeometryCreator.h">
      <Filter>interface\scene</Filter>
    </ClInclude>
    <ClInclude Include="CGeometryCreator.h">
      <Filter>implementation\scene</Filter>
    </ClInclude>
    <ClInclude Include="IMesh.h">
      <Filter>interface\video</Filter>
    </ClInclude>
    <ClInclude Include="IMeshSceneNode.h">
      <Filter>interface\scene\sceneNode</Filter>
    </ClInclude>
    <ClInclude Include="CMeshSceneNode.h">
      <Filter>implementation\scene\sceneNode</Filter>
    </ClInclude>
    <ClInclude Include="CMesh.h">
      <Filter>implementation\video</Filter>
    </ClInclude>
    <ClInclude Include="wow_animation.h">
      <Filter>wow</Filter>
    </ClInclude>
    <ClInclude Include="IFileM2.h">
      <Filter>wow</Filter>
    </ClInclude>
    <ClInclude Include="IResourceLoader.h">
      <Filter>interface\io</Filter>
    </ClInclude>
    <ClInclude Include="CD3D9ResourceLoader.h">
      <Filter>implementation\video\Direct3D9</Filter>
    </ClInclude>
    <ClInclude Include="CFileM2.h">
      <Filter>wow</Filter>
    </ClInclude>
    <ClInclude Include="wow_dbc.h">
      <Filter>wow</Filter>
    </ClInclude>
    <ClInclude Include="IManualTextureServices.h">
      <Filter>interface\video</Filter>
    </ClInclude>
    <ClInclude Include="IManualMeshServices.h">
      <Filter>interface\video</Filter>
    </ClInclude>
    <ClInclude Include="CManualMeshServices.h">
      <Filter>implementation\video</Filter>
    </ClInclude>
    <ClInclude Include="CD3D9ManualTextureServices.h">
      <Filter>implementation\video\Direct3D9</Filter>
    </ClInclude>
    <ClInclude Include="IM2SceneNode.h">
      <Filter>interface\scene\sceneNode</Filter>
    </ClInclude>
    <ClInclude Include="CM2SceneNode.h">
      <Filter>implementation\scene\sceneNode</Filter>
    </ClInclude>
    <ClInclude Include="qzone_allocator.h">
      <Filter>interface</Filter>
    </ClInclude>
    <ClInclude Include="tracktexture.h">
      <Filter>interface\core</Filter>
    </ClInclude>
    <ClInclude Include="wow_particle.h">
      <Filter>wow</Filter>
    </ClInclude>
    <ClInclude Include="IParticleSystemSceneNode.h">
      <Filter>interface\scene\sceneNode</Filter>
    </ClInclude>
    <ClInclude Include="IRibbonSceneNode.h">
      <Filter>interface\scene\sceneNode</Filter>
    </ClInclude>
    <ClInclude Include="CParticleSystemSceneNode.h">
      <Filter>implementation\scene\sceneNode</Filter>
    </ClInclude>
    <ClInclude Include="CRibbonSceneNode.h">
      <Filter>implementation\scene\sceneNode</Filter>
    </ClInclude>
    <ClInclude Include="IParticleSystemServices.h">
      <Filter>interface\video</Filter>
    </ClInclude>
    <ClInclude Include="CParticleSystemServices.h">
      <Filter>implementation\video</Filter>
    </ClInclude>
    <ClInclude Include="IRibbonEmitterServices.h">
      <Filter>interface\video</Filter>
    </ClInclude>
    <ClInclude Include="CRibbonEmitterServices.h">
      <Filter>implementation\video</Filter>
    </ClInclude>
    <ClInclude Include="wow_database.h">
      <Filter>wow</Filter>
    </ClInclude>
    <ClInclude Include="IFileWDT.h">
      <Filter>wow</Filter>
    </ClInclude>
    <ClInclude Include="CFileWDT.h">
      <Filter>wow</Filter>
    </ClInclude>
    <ClInclude Include="IFileADT.h">
      <Filter>wow</Filter>
    </ClInclude>
    <ClInclude Include="wow_m2_structs.h">
      <Filter>wow</Filter>
    </ClInclude>
    <ClInclude Include="wow_adt_structs.h">
      <Filter>wow</Filter>
    </ClInclude>
    <ClInclude Include="ITerrainServices.h">
      <Filter>interface\video</Filter>
    </ClInclude>
    <ClInclude Include="CTerrainServices.h">
      <Filter>implementation\video</Filter>
    </ClInclude>
    <ClInclude Include="IFileWMO.h">
      <Filter>wow</Filter>
    </ClInclude>
    <ClInclude Include="wow_wmo_structs.h">
      <Filter>wow</Filter>
    </ClInclude>
    <ClInclude Include="CFileWMO.h">
      <Filter>wow</Filter>
    </ClInclude>
    <ClInclude Include="ISceneRenderServices.h">
      <Filter>interface\renderer</Filter>
    </ClInclude>
    <ClInclude Include="CSceneRenderServices.h">
      <Filter>implementation\renderer</Filter>
    </ClInclude>
    <ClInclude Include="renderer.h">
      <Filter>interface\renderer</Filter>
    </ClInclude>
    <ClInclude Include="CTranslucentRenderer.h">
      <Filter>implementation\renderer</Filter>
    </ClInclude>
    <ClInclude Include="CMeshRenderer.h">
      <Filter>implementation\renderer</Filter>
    </ClInclude>
    <ClInclude Include="VertexIndexBuffer.h">
      <Filter>interface\video</Filter>
    </ClInclude>
    <ClInclude Include="IFTFont.h">
      <Filter>interface\video</Filter>
    </ClInclude>
    <ClInclude Include="CD3D9MaterialRenderServices.h">
      <Filter>implementation\video\Direct3D9</Filter>
    </ClInclude>
    <ClInclude Include="IMaterialRenderServices.h">
      <Filter>interface\video</Filter>
    </ClInclude>
    <ClInclude Include="CFTFont.h">
      <Filter>implementation\video</Filter>
    </ClInclude>
    <ClInclude Include="CTerrainRenderer.h">
      <Filter>implementation\renderer</Filter>
    </ClInclude>
    <ClInclude Include="CMapEnvironment.h">
      <Filter>wow</Filter>
    </ClInclude>
    <ClInclude Include="ISceneStateServices.h">
      <Filter>interface\video</Filter>
    </ClInclude>
    <ClInclude Include="CD3D9SceneStateServices.h">
      <Filter>implementation\video\Direct3D9</Filter>
    </ClInclude>
    <ClInclude Include="wow_m2instance.h">
      <Filter>wow</Filter>
    </ClInclude>
    <ClInclude Include="CWmoRenderer.h">
      <Filter>implementation\renderer</Filter>
    </ClInclude>
    <ClInclude Include="CBLPImage.h">
      <Filter>implementation\video</Filter>
    </ClInclude>
    <ClInclude Include="IBLPImage.h">
      <Filter>interface\video</Filter>
    </ClInclude>
    <ClInclude Include="qzone_nolock_allocator.h">
      <Filter>interface</Filter>
    </ClInclude>
    <ClInclude Include="ISceneRenderer.h">
      <Filter>interface\renderer</Filter>
    </ClInclude>
    <ClInclude Include="IRenderTarget.h">
      <Filter>interface\video</Filter>
    </ClInclude>
    <ClInclude Include="CD3D9RenderTarget.h">
      <Filter>implementation\video\Direct3D9</Filter>
    </ClInclude>
    <ClInclude Include="CLock.h">
      <Filter>implementation\utility</Filter>
    </ClInclude>
    <ClInclude Include="CCamera.h">
      <Filter>implementation\scene\sceneNode</Filter>
    </ClInclude>
    <ClInclude Include="CSceneEnvironment.h">
      <Filter>implementation\scene</Filter>
    </ClInclude>
    <ClInclude Include="ISceneEnvironment.h">
      <Filter>interface\scene</Filter>
    </ClInclude>
    <ClInclude Include="mpq_stormlib.h">
      <Filter>wow</Filter>
    </ClInclude>
    <ClInclude Include="CFileADT.h">
      <Filter>wow</Filter>
    </ClInclude>
  </ItemGroup>
  <ItemGroup>
    <ClCompile Include="stdafx.cpp">
      <Filter>implementation</Filter>
    </ClCompile>
    <ClCompile Include="engine.cpp">
      <Filter>implementation</Filter>
    </ClCompile>
    <ClCompile Include="mywow.cpp">
      <Filter>implementation</Filter>
    </ClCompile>
    <ClCompile Include="CFileSystem.cpp">
      <Filter>implementation\io</Filter>
    </ClCompile>
    <ClCompile Include="CReadFile.cpp">
      <Filter>implementation\io</Filter>
    </ClCompile>
    <ClCompile Include="CWriteFile.cpp">
      <Filter>implementation\io</Filter>
    </ClCompile>
    <ClCompile Include="wowEnvironment.cpp">
      <Filter>wow</Filter>
    </ClCompile>
    <ClCompile Include="CD3D9Helper.cpp">
      <Filter>implementation\video\Direct3D9</Filter>
    </ClCompile>
    <ClCompile Include="CD3D9HardwareBufferServices.cpp">
      <Filter>implementation\video\Direct3D9</Filter>
    </ClCompile>
    <ClCompile Include="CD3D9MaterialRenderer.cpp">
      <Filter>implementation\video\Direct3D9</Filter>
    </ClCompile>
    <ClCompile Include="CD3D9ShaderServices.cpp">
      <Filter>implementation\video\Direct3D9</Filter>
    </ClCompile>
    <ClCompile Include="CD3D9Texture.cpp">
      <Filter>implementation\video\Direct3D9</Filter>
    </ClCompile>
    <ClCompile Include="CImageLoaderBLP.cpp">
      <Filter>wow</Filter>
    </ClCompile>
    <ClCompile Include="CImage.cpp">
      <Filter>implementation\video</Filter>
    </ClCompile>
    <ClCompile Include="CBlit.cpp">
      <Filter>implementation\video</Filter>
    </ClCompile>
    <ClCompile Include="ddslib.cpp">
      <Filter>implementation\utility</Filter>
    </ClCompile>
    <ClCompile Include="CSceneManager.cpp">
      <Filter>implementation\scene</Filter>
    </ClCompile>
    <ClCompile Include="CD3D9DrawServices.cpp">
      <Filter>implementation\video\Direct3D9</Filter>
    </ClCompile>
    <ClCompile Include="CGeometryCreator.cpp">
      <Filter>implementation\scene</Filter>
    </ClCompile>
    <ClCompile Include="CMeshSceneNode.cpp">
      <Filter>implementation\scene\sceneNode</Filter>
    </ClCompile>
    <ClCompile Include="CMesh.cpp">
      <Filter>implementation\video</Filter>
    </ClCompile>
    <ClCompile Include="CD3D9ResourceLoader.cpp">
      <Filter>implementation\video\Direct3D9</Filter>
    </ClCompile>
    <ClCompile Include="CFileM2.cpp">
      <Filter>wow</Filter>
    </ClCompile>
    <ClCompile Include="wow_dbc.cpp">
      <Filter>wow</Filter>
    </ClCompile>
    <ClCompile Include="CManualMeshServices.cpp">
      <Filter>implementation\video</Filter>
    </ClCompile>
    <ClCompile Include="CD3D9ManualTextureServices.cpp">
      <Filter>implementation\video\Direct3D9</Filter>
    </ClCompile>
    <ClCompile Include="CM2SceneNode.cpp">
      <Filter>implementation\scene\sceneNode</Filter>
    </ClCompile>
    <ClCompile Include="wow_particle.cpp">
      <Filter>wow</Filter>
    </ClCompile>
    <ClCompile Include="CParticleSystemSceneNode.cpp">
      <Filter>implementation\scene\sceneNode</Filter>
    </ClCompile>
    <ClCompile Include="CRibbonSceneNode.cpp">
      <Filter>implementation\scene\sceneNode</Filter>
    </ClCompile>
    <ClCompile Include="CParticleSystemServices.cpp">
      <Filter>implementation\video</Filter>
    </ClCompile>
    <ClCompile Include="CRibbonEmitterServices.cpp">
      <Filter>implementation\video</Filter>
    </ClCompile>
    <ClCompile Include="wow_database.cpp">
      <Filter>wow</Filter>
    </ClCompile>
    <ClCompile Include="CFileWDT.cpp">
      <Filter>wow</Filter>
    </ClCompile>
    <ClCompile Include="CFileADT.cpp">
      <Filter>wow</Filter>
    </ClCompile>
    <ClCompile Include="CTerrainServices.cpp">
      <Filter>implementation\video</Filter>
    </ClCompile>
    <ClCompile Include="CSceneRenderServices.cpp">
      <Filter>implementation\renderer</Filter>
    </ClCompile>
    <ClCompile Include="CTranslucentRenderer.cpp">
      <Filter>implementation\renderer</Filter>
    </ClCompile>
    <ClCompile Include="CMeshRenderer.cpp">
      <Filter>implementation\renderer</Filter>
    </ClCompile>
    <ClCompile Include="CD3D9Shader.cpp">
      <Filter>implementation\video\Direct3D9</Filter>
    </ClCompile>
    <ClCompile Include="CD3D9VertexShaders.cpp">
      <Filter>implementation\video\Direct3D9\Shaders</Filter>
    </ClCompile>
    <ClCompile Include="CD3D9PixelShaders.cpp">
      <Filter>implementation\video\Direct3D9\Shaders</Filter>
    </ClCompile>
    <ClCompile Include="CD3D9Effects.cpp">
      <Filter>implementation\video\Direct3D9\Shaders</Filter>
    </ClCompile>
    <ClCompile Include="CD3D9MaterialRenderServices.cpp">
      <Filter>implementation\video\Direct3D9</Filter>
    </ClCompile>
    <ClCompile Include="CFTFont.cpp">
      <Filter>implementation\video</Filter>
    </ClCompile>
    <ClCompile Include="CTerrainRenderer.cpp">
      <Filter>implementation\renderer</Filter>
    </ClCompile>
    <ClCompile Include="CMapEnvironment.cpp">
      <Filter>wow</Filter>
    </ClCompile>
    <ClCompile Include="CD3D9Driver_base.cpp">
      <Filter>implementation\video\Direct3D9</Filter>
    </ClCompile>
    <ClCompile Include="CD3D9Driver_draw.cpp">
      <Filter>implementation\video\Direct3D9</Filter>
    </ClCompile>
    <ClCompile Include="CD3D9SceneStateServices.cpp">
      <Filter>implementation\video\Direct3D9</Filter>
    </ClCompile>
    <ClCompile Include="CFileWMO.cpp">
      <Filter>wow</Filter>
    </ClCompile>
    <ClCompile Include="wow_m2instance.cpp">
      <Filter>wow</Filter>
    </ClCompile>
    <ClCompile Include="CWmoRenderer.cpp">
      <Filter>implementation\renderer</Filter>
    </ClCompile>
    <ClCompile Include="CBLPImage.cpp">
      <Filter>implementation\video</Filter>
    </ClCompile>
    <ClCompile Include="CD3D9RenderTarget.cpp">
      <Filter>implementation\video\Direct3D9</Filter>
    </ClCompile>
    <ClCompile Include="q_memory.cpp">
      <Filter>implementation\scene</Filter>
    </ClCompile>
    <ClCompile Include="CSceneEnvironment.cpp">
      <Filter>implementation\scene</Filter>
    </ClCompile>
    <ClCompile Include="CCamera.cpp">
      <Filter>implementation\scene\sceneNode</Filter>
    </ClCompile>
    <ClCompile Include="mpq_stormlib.cpp">
      <Filter>wow</Filter>
    </ClCompile>
  </ItemGroup>
</Project>