<?xml version="1.0" encoding="utf-8"?>
<Project ToolsVersion="4.0" xmlns="http://schemas.microsoft.com/developer/msbuild/2003">
  <ItemGroup>
    <ClCompile Include="App2.cpp" />
    <ClCompile Include="game.cpp" />
    <ClCompile Include="gestureInput.cpp" />
    <ClCompile Include="desktopInput.cpp" />
  </ItemGroup>
  <ItemGroup>
    <ClInclude Include="game.h" />
  </ItemGroup>
</Project>